Microsoft Visual Studio Solution File, Format Version 12.00
# Visual Studio Version 17
VisualStudioVersion = 17.5.2.0
MinimumVisualStudioVersion = 10.0.40219.1
Project("{FAE04EC0-301F-11D3-BF4B-00C04F79EFBC}") = "backend-azure-functions", "backend-azure-functions\backend-azure-functions.csproj", "{948E0EF9-42A0-3D12-E863-A1188579FAC3}"
EndProject
Global
	GlobalSection(SolutionConfigurationPlatforms) = preSolution
		Debug|Any CPU = Debug|Any CPU
		Release|Any CPU = Release|Any CPU
	EndGlobalSection
	GlobalSection(ProjectConfigurationPlatforms) = postSolution
		{948E0EF9-42A0-3D12-E863-A1188579FAC3}.Debug|Any CPU.ActiveCfg = Debug|Any CPU
		{948E0EF9-42A0-3D12-E863-A1188579FAC3}.Debug|Any CPU.Build.0 = Debug|Any CPU
		{948E0EF9-42A0-3D12-E863-A1188579FAC3}.Release|Any CPU.ActiveCfg = Release|Any CPU
		{948E0EF9-42A0-3D12-E863-A1188579FAC3}.Release|Any CPU.Build.0 = Release|Any CPU
	EndGlobalSection
	GlobalSection(SolutionProperties) = preSolution
		HideSolutionNode = FALSE
	EndGlobalSection
	GlobalSection(ExtensibilityGlobals) = postSolution
		SolutionGuid = {B81C2AA5-036F-416F-A5AA-A75159A482CA}
	EndGlobalSection
EndGlobal
